
Microsoft Visual Studio Solution File, Format Version 12.00
# Visual Studio Version 17
VisualStudioVersion = 17.6.33829.357
MinimumVisualStudioVersion = 10.0.40219.1
Project("{9A19103F-16F7-4668-BE54-9A1E7A4F7556}") = "Bobaloo.Hangman.Data.Core", "Bobaloo.Hangman.Data.Core\Bobaloo.Hangman.Data.Core.csproj", "{9F381AAE-B295-41DD-8C1A-C8379098B3EE}"
EndProject
Project("{9A19103F-16F7-4668-BE54-9A1E7A4F7556}") = "Bobaloo.Hangman.TTS", "Bobaloo.Hangman.TTS\Bobaloo.Hangman.TTS.csproj", "{AB3613C8-ABD3-41C7-96A0-0ABBE89C6089}"
EndProject
Project("{9A19103F-16F7-4668-BE54-9A1E7A4F7556}") = "Bobaloo.Hangman.Data", "Bobaloo.Hangman.Data\Bobaloo.Hangman.Data.csproj", "{98773329-6FA3-44FA-9ED8-2112828E4C7B}"
EndProject
Project("{9A19103F-16F7-4668-BE54-9A1E7A4F7556}") = "Bobaloo.Hangman.Web.Blazor", "Bobaloo.Hangman.Web.Blazor\Bobaloo.Hangman.Web.Blazor.csproj", "{9C5A5A8D-707F-46BF-B8FC-7D140A9B237E}"
EndProject
Project("{9A19103F-16F7-4668-BE54-9A1E7A4F7556}") = "Bobaloo.Hangman.Business", "Bobaloo.Hangman.Business\Bobaloo.Hangman.Business.csproj", "{093279CE-25F3-4120-AF50-EA682521A108}"
EndProject
Project("{9A19103F-16F7-4668-BE54-9A1E7A4F7556}") = "Bobaloo.Hangman.Business.Core", "Bobaloo.Hangman.Business.Core\Bobaloo.Hangman.Business.Core.csproj", "{DF70AFE6-BF17-482F-A684-B063DB0C6DF4}"
EndProject
Project("{FAE04EC0-301F-11D3-BF4B-00C04F79EFBC}") = "Bobaloo.Hangman.Client", "Bobaloo.Hangman.Client\Bobaloo.Hangman.Client.csproj", "{7D72A5B9-C7C0-426A-AF4B-FE124A6F7223}"
EndProject
Global
	GlobalSection(SolutionConfigurationPlatforms) = preSolution
		Debug|Any CPU = Debug|Any CPU
		Release|Any CPU = Release|Any CPU
	EndGlobalSection
	GlobalSection(ProjectConfigurationPlatforms) = postSolution
		{9F381AAE-B295-41DD-8C1A-C8379098B3EE}.Debug|Any CPU.ActiveCfg = Debug|Any CPU
		{9F381AAE-B295-41DD-8C1A-C8379098B3EE}.Debug|Any CPU.Build.0 = Debug|Any CPU
		{9F381AAE-B295-41DD-8C1A-C8379098B3EE}.Release|Any CPU.ActiveCfg = Release|Any CPU
		{9F381AAE-B295-41DD-8C1A-C8379098B3EE}.Release|Any CPU.Build.0 = Release|Any CPU
		{AB3613C8-ABD3-41C7-96A0-0ABBE89C6089}.Debug|Any CPU.ActiveCfg = Debug|Any CPU
		{AB3613C8-ABD3-41C7-96A0-0ABBE89C6089}.Debug|Any CPU.Build.0 = Debug|Any CPU
		{AB3613C8-ABD3-41C7-96A0-0ABBE89C6089}.Release|Any CPU.ActiveCfg = Release|Any CPU
		{AB3613C8-ABD3-41C7-96A0-0ABBE89C6089}.Release|Any CPU.Build.0 = Release|Any CPU
		{98773329-6FA3-44FA-9ED8-2112828E4C7B}.Debug|Any CPU.ActiveCfg = Debug|Any CPU
		{98773329-6FA3-44FA-9ED8-2112828E4C7B}.Debug|Any CPU.Build.0 = Debug|Any CPU
		{98773329-6FA3-44FA-9ED8-2112828E4C7B}.Release|Any CPU.ActiveCfg = Release|Any CPU
		{98773329-6FA3-44FA-9ED8-2112828E4C7B}.Release|Any CPU.Build.0 = Release|Any CPU
		{9C5A5A8D-707F-46BF-B8FC-7D140A9B237E}.Debug|Any CPU.ActiveCfg = Debug|Any CPU
		{9C5A5A8D-707F-46BF-B8FC-7D140A9B237E}.Debug|Any CPU.Build.0 = Debug|Any CPU
		{9C5A5A8D-707F-46BF-B8FC-7D140A9B237E}.Release|Any CPU.ActiveCfg = Release|Any CPU
		{9C5A5A8D-707F-46BF-B8FC-7D140A9B237E}.Release|Any CPU.Build.0 = Release|Any CPU
		{093279CE-25F3-4120-AF50-EA682521A108}.Debug|Any CPU.ActiveCfg = Debug|Any CPU
		{093279CE-25F3-4120-AF50-EA682521A108}.Debug|Any CPU.Build.0 = Debug|Any CPU
		{093279CE-25F3-4120-AF50-EA682521A108}.Release|Any CPU.ActiveCfg = Release|Any CPU
		{093279CE-25F3-4120-AF50-EA682521A108}.Release|Any CPU.Build.0 = Release|Any CPU
		{DF70AFE6-BF17-482F-A684-B063DB0C6DF4}.Debug|Any CPU.ActiveCfg = Debug|Any CPU
		{DF70AFE6-BF17-482F-A684-B063DB0C6DF4}.Debug|Any CPU.Build.0 = Debug|Any CPU
		{DF70AFE6-BF17-482F-A684-B063DB0C6DF4}.Release|Any CPU.ActiveCfg = Release|Any CPU
		{DF70AFE6-BF17-482F-A684-B063DB0C6DF4}.Release|Any CPU.Build.0 = Release|Any CPU
		{7D72A5B9-C7C0-426A-AF4B-FE124A6F7223}.Debug|Any CPU.ActiveCfg = Debug|Any CPU
		{7D72A5B9-C7C0-426A-AF4B-FE124A6F7223}.Debug|Any CPU.Build.0 = Debug|Any CPU
		{7D72A5B9-C7C0-426A-AF4B-FE124A6F7223}.Debug|Any CPU.Deploy.0 = Debug|Any CPU
		{7D72A5B9-C7C0-426A-AF4B-FE124A6F7223}.Release|Any CPU.ActiveCfg = Release|Any CPU
		{7D72A5B9-C7C0-426A-AF4B-FE124A6F7223}.Release|Any CPU.Build.0 = Release|Any CPU
		{7D72A5B9-C7C0-426A-AF4B-FE124A6F7223}.Release|Any CPU.Deploy.0 = Release|Any CPU
	EndGlobalSection
	GlobalSection(SolutionProperties) = preSolution
		HideSolutionNode = FALSE
	EndGlobalSection
	GlobalSection(ExtensibilityGlobals) = postSolution
		SolutionGuid = {243D3CF4-A0EC-40D1-AFF1-345DD28EB90C}
	EndGlobalSection
EndGlobal
